
Microsoft Visual Studio Solution File, Format Version 12.00
# Visual Studio Version 16
VisualStudioVersion = 16.0.31911.196
MinimumVisualStudioVersion = 10.0.40219.1
Project("{FAE04EC0-301F-11D3-BF4B-00C04F79EFBC}") = "Practica", "Practica\Practica.csproj", "{00C42B5C-BC5E-42D2-9E8B-D7801C9BB545}"
EndProject
Project("{FAE04EC0-301F-11D3-BF4B-00C04F79EFBC}") = "WinAnim", "WinAnim\WinAnim.csproj", "{1E1D4496-A4C2-4894-9342-F8061C7E62C8}"
EndProject
Project("{FAE04EC0-301F-11D3-BF4B-00C04F79EFBC}") = "BackgroundWorker", "BackgroundWorker\BackgroundWorker.csproj", "{5023B6B3-EDD8-4F91-A670-01799DF3B636}"
EndProject
Project("{FAE04EC0-301F-11D3-BF4B-00C04F79EFBC}") = "WinAsynchDelegate", "WinAsynchDelegate\WinAsynchDelegate.csproj", "{14DF4E6C-BCBD-4BE6-8F90-94EFEB46CA0E}"
EndProject
Project("{FAE04EC0-301F-11D3-BF4B-00C04F79EFBC}") = "WinAsynchMethod", "WinAsynchMethod\WinAsynchMethod.csproj", "{CFD803A2-D658-4278-9B96-BEC3C13E501E}"
EndProject
Project("{FAE04EC0-301F-11D3-BF4B-00C04F79EFBC}") = "WinDB", "WinDB\WinDB.csproj", "{B53532A2-DDAE-44F1-8EC9-6B2460D7EDF2}"
EndProject
Global
	GlobalSection(SolutionConfigurationPlatforms) = preSolution
		Debug|Any CPU = Debug|Any CPU
		Release|Any CPU = Release|Any CPU
	EndGlobalSection
	GlobalSection(ProjectConfigurationPlatforms) = postSolution
		{00C42B5C-BC5E-42D2-9E8B-D7801C9BB545}.Debug|Any CPU.ActiveCfg = Debug|Any CPU
		{00C42B5C-BC5E-42D2-9E8B-D7801C9BB545}.Debug|Any CPU.Build.0 = Debug|Any CPU
		{00C42B5C-BC5E-42D2-9E8B-D7801C9BB545}.Release|Any CPU.ActiveCfg = Release|Any CPU
		{00C42B5C-BC5E-42D2-9E8B-D7801C9BB545}.Release|Any CPU.Build.0 = Release|Any CPU
		{1E1D4496-A4C2-4894-9342-F8061C7E62C8}.Debug|Any CPU.ActiveCfg = Debug|Any CPU
		{1E1D4496-A4C2-4894-9342-F8061C7E62C8}.Debug|Any CPU.Build.0 = Debug|Any CPU
		{1E1D4496-A4C2-4894-9342-F8061C7E62C8}.Release|Any CPU.ActiveCfg = Release|Any CPU
		{1E1D4496-A4C2-4894-9342-F8061C7E62C8}.Release|Any CPU.Build.0 = Release|Any CPU
		{5023B6B3-EDD8-4F91-A670-01799DF3B636}.Debug|Any CPU.ActiveCfg = Debug|Any CPU
		{5023B6B3-EDD8-4F91-A670-01799DF3B636}.Debug|Any CPU.Build.0 = Debug|Any CPU
		{5023B6B3-EDD8-4F91-A670-01799DF3B636}.Release|Any CPU.ActiveCfg = Release|Any CPU
		{5023B6B3-EDD8-4F91-A670-01799DF3B636}.Release|Any CPU.Build.0 = Release|Any CPU
		{14DF4E6C-BCBD-4BE6-8F90-94EFEB46CA0E}.Debug|Any CPU.ActiveCfg = Debug|Any CPU
		{14DF4E6C-BCBD-4BE6-8F90-94EFEB46CA0E}.Debug|Any CPU.Build.0 = Debug|Any CPU
		{14DF4E6C-BCBD-4BE6-8F90-94EFEB46CA0E}.Release|Any CPU.ActiveCfg = Release|Any CPU
		{14DF4E6C-BCBD-4BE6-8F90-94EFEB46CA0E}.Release|Any CPU.Build.0 = Release|Any CPU
		{CFD803A2-D658-4278-9B96-BEC3C13E501E}.Debug|Any CPU.ActiveCfg = Debug|Any CPU
		{CFD803A2-D658-4278-9B96-BEC3C13E501E}.Debug|Any CPU.Build.0 = Debug|Any CPU
		{CFD803A2-D658-4278-9B96-BEC3C13E501E}.Release|Any CPU.ActiveCfg = Release|Any CPU
		{CFD803A2-D658-4278-9B96-BEC3C13E501E}.Release|Any CPU.Build.0 = Release|Any CPU
		{B53532A2-DDAE-44F1-8EC9-6B2460D7EDF2}.Debug|Any CPU.ActiveCfg = Debug|Any CPU
		{B53532A2-DDAE-44F1-8EC9-6B2460D7EDF2}.Debug|Any CPU.Build.0 = Debug|Any CPU
		{B53532A2-DDAE-44F1-8EC9-6B2460D7EDF2}.Release|Any CPU.ActiveCfg = Release|Any CPU
		{B53532A2-DDAE-44F1-8EC9-6B2460D7EDF2}.Release|Any CPU.Build.0 = Release|Any CPU
	EndGlobalSection
	GlobalSection(SolutionProperties) = preSolution
		HideSolutionNode = FALSE
	EndGlobalSection
	GlobalSection(ExtensibilityGlobals) = postSolution
		SolutionGuid = {41B9F6F8-8B5E-481F-BF2E-DC3A2437BB37}
	EndGlobalSection
EndGlobal
