Microsoft Visual Studio Solution File, Format Version 8.00
Project("{FAE04EC0-301F-11D3-BF4B-00C04F79EFBC}") = "DataTextBox", "DataTextBox.csproj", "{DA49EAA3-5194-4A62-8321-A7079122DAE7}"
	ProjectSection(ProjectDependencies) = postProject
	EndProjectSection
EndProject
Global
	GlobalSection(SolutionConfiguration) = preSolution
		Debug = Debug
		Release = Release
	EndGlobalSection
	GlobalSection(ProjectConfiguration) = postSolution
		{DA49EAA3-5194-4A62-8321-A7079122DAE7}.Debug.ActiveCfg = Debug|.NET
		{DA49EAA3-5194-4A62-8321-A7079122DAE7}.Debug.Build.0 = Debug|.NET
		{DA49EAA3-5194-4A62-8321-A7079122DAE7}.Release.ActiveCfg = Release|.NET
		{DA49EAA3-5194-4A62-8321-A7079122DAE7}.Release.Build.0 = Release|.NET
	EndGlobalSection
	GlobalSection(ExtensibilityGlobals) = postSolution
	EndGlobalSection
	GlobalSection(ExtensibilityAddIns) = postSolution
	EndGlobalSection
EndGlobal
